
Microsoft Visual Studio Solution File, Format Version 12.00
# Visual Studio Version 17
VisualStudioVersion = 17.1.31911.260
MinimumVisualStudioVersion = 10.0.40219.1
Project("{9A19103F-16F7-4668-BE54-9A1E7A4F7556}") = "Groffe.Distancias.Testes", "Groffe.Distancias.Testes.csproj", "{7C0FBF6B-2C91-4130-95EF-45693C149DCB}"
EndProject
Project("{9A19103F-16F7-4668-BE54-9A1E7A4F7556}") = "Groffe.Distancias", "..\Groffe.Distancias\Groffe.Distancias.csproj", "{AF0F25B7-3FE8-47AB-9526-385C64B5F6A2}"
EndProject
Global
	GlobalSection(SolutionConfigurationPlatforms) = preSolution
		Debug|Any CPU = Debug|Any CPU
		Release|Any CPU = Release|Any CPU
	EndGlobalSection
	GlobalSection(ProjectConfigurationPlatforms) = postSolution
		{7C0FBF6B-2C91-4130-95EF-45693C149DCB}.Debug|Any CPU.ActiveCfg = Debug|Any CPU
		{7C0FBF6B-2C91-4130-95EF-45693C149DCB}.Debug|Any CPU.Build.0 = Debug|Any CPU
		{7C0FBF6B-2C91-4130-95EF-45693C149DCB}.Release|Any CPU.ActiveCfg = Release|Any CPU
		{7C0FBF6B-2C91-4130-95EF-45693C149DCB}.Release|Any CPU.Build.0 = Release|Any CPU
		{AF0F25B7-3FE8-47AB-9526-385C64B5F6A2}.Debug|Any CPU.ActiveCfg = Debug|Any CPU
		{AF0F25B7-3FE8-47AB-9526-385C64B5F6A2}.Debug|Any CPU.Build.0 = Debug|Any CPU
		{AF0F25B7-3FE8-47AB-9526-385C64B5F6A2}.Release|Any CPU.ActiveCfg = Release|Any CPU
		{AF0F25B7-3FE8-47AB-9526-385C64B5F6A2}.Release|Any CPU.Build.0 = Release|Any CPU
	EndGlobalSection
	GlobalSection(SolutionProperties) = preSolution
		HideSolutionNode = FALSE
	EndGlobalSection
	GlobalSection(ExtensibilityGlobals) = postSolution
		SolutionGuid = {58188C12-5ED1-4A89-87F4-EA08CDED2018}
	EndGlobalSection
EndGlobal
